
Microsoft Visual Studio Solution File, Format Version 12.00
# Visual Studio 2013
VisualStudioVersion = 12.0.21005.1
MinimumVisualStudioVersion = 10.0.40219.1
Project("{8BC9CEB8-8B4A-11D0-8D11-00A0C91BC942}") = "ListArrayLib", "ListArrayLib\ListArrayLib.vcxproj", "{131046A4-3F55-44CC-A098-7F72E6C57F56}"
EndProject
Project("{8BC9CEB8-8B4A-11D0-8D11-00A0C91BC942}") = "ImagePre", "ImagePre\ImagePre.vcxproj", "{00216BA6-32B8-4FE4-837B-574EEC4E7E39}"
EndProject
Project("{8BC9CEB8-8B4A-11D0-8D11-00A0C91BC942}") = "ObjectLib", "ObjectLib\ObjectLib.vcxproj", "{A7786DF7-4776-488C-8F81-7F883AD9A224}"
EndProject
Project("{8BC9CEB8-8B4A-11D0-8D11-00A0C91BC942}") = "Utility", "Utility\Utility.vcxproj", "{A0E3EE8D-17BE-4F79-9CBA-87924210C813}"
EndProject
Project("{8BC9CEB8-8B4A-11D0-8D11-00A0C91BC942}") = "GeometryLib", "GeometryLib\GeometryLib.vcxproj", "{E0EB1305-EF23-42A9-BD26-67D872752E50}"
EndProject
Project("{8BC9CEB8-8B4A-11D0-8D11-00A0C91BC942}") = "MachineVisionLib", "MachineVisionLib\MachineVisionLib.vcxproj", "{FC9EB3EA-2C70-456A-AD27-3B12CFFFDFD8}"
EndProject
Project("{8BC9CEB8-8B4A-11D0-8D11-00A0C91BC942}") = "PistonRing", "PistonRing\PistonRing.vcxproj", "{E3B6A8CC-1E03-4DBC-A735-51D222BA4A2D}"
EndProject
Global
	GlobalSection(SolutionConfigurationPlatforms) = preSolution
		Debug|Win32 = Debug|Win32
		Debug|x64 = Debug|x64
		Release|Win32 = Release|Win32
		Release|x64 = Release|x64
	EndGlobalSection
	GlobalSection(ProjectConfigurationPlatforms) = postSolution
		{131046A4-3F55-44CC-A098-7F72E6C57F56}.Debug|Win32.ActiveCfg = Debug|Win32
		{131046A4-3F55-44CC-A098-7F72E6C57F56}.Debug|Win32.Build.0 = Debug|Win32
		{131046A4-3F55-44CC-A098-7F72E6C57F56}.Debug|x64.ActiveCfg = Debug|Win32
		{131046A4-3F55-44CC-A098-7F72E6C57F56}.Release|Win32.ActiveCfg = Release|Win32
		{131046A4-3F55-44CC-A098-7F72E6C57F56}.Release|Win32.Build.0 = Release|Win32
		{131046A4-3F55-44CC-A098-7F72E6C57F56}.Release|x64.ActiveCfg = Release|Win32
		{00216BA6-32B8-4FE4-837B-574EEC4E7E39}.Debug|Win32.ActiveCfg = Debug|Win32
		{00216BA6-32B8-4FE4-837B-574EEC4E7E39}.Debug|Win32.Build.0 = Debug|Win32
		{00216BA6-32B8-4FE4-837B-574EEC4E7E39}.Debug|x64.ActiveCfg = Debug|x64
		{00216BA6-32B8-4FE4-837B-574EEC4E7E39}.Debug|x64.Build.0 = Debug|x64
		{00216BA6-32B8-4FE4-837B-574EEC4E7E39}.Release|Win32.ActiveCfg = Release|Win32
		{00216BA6-32B8-4FE4-837B-574EEC4E7E39}.Release|Win32.Build.0 = Release|Win32
		{00216BA6-32B8-4FE4-837B-574EEC4E7E39}.Release|x64.ActiveCfg = Release|x64
		{00216BA6-32B8-4FE4-837B-574EEC4E7E39}.Release|x64.Build.0 = Release|x64
		{A7786DF7-4776-488C-8F81-7F883AD9A224}.Debug|Win32.ActiveCfg = Debug|Win32
		{A7786DF7-4776-488C-8F81-7F883AD9A224}.Debug|Win32.Build.0 = Debug|Win32
		{A7786DF7-4776-488C-8F81-7F883AD9A224}.Debug|x64.ActiveCfg = Debug|x64
		{A7786DF7-4776-488C-8F81-7F883AD9A224}.Debug|x64.Build.0 = Debug|x64
		{A7786DF7-4776-488C-8F81-7F883AD9A224}.Release|Win32.ActiveCfg = Release|Win32
		{A7786DF7-4776-488C-8F81-7F883AD9A224}.Release|Win32.Build.0 = Release|Win32
		{A7786DF7-4776-488C-8F81-7F883AD9A224}.Release|x64.ActiveCfg = Release|x64
		{A7786DF7-4776-488C-8F81-7F883AD9A224}.Release|x64.Build.0 = Release|x64
		{A0E3EE8D-17BE-4F79-9CBA-87924210C813}.Debug|Win32.ActiveCfg = Debug|Win32
		{A0E3EE8D-17BE-4F79-9CBA-87924210C813}.Debug|Win32.Build.0 = Debug|Win32
		{A0E3EE8D-17BE-4F79-9CBA-87924210C813}.Debug|x64.ActiveCfg = Debug|x64
		{A0E3EE8D-17BE-4F79-9CBA-87924210C813}.Debug|x64.Build.0 = Debug|x64
		{A0E3EE8D-17BE-4F79-9CBA-87924210C813}.Release|Win32.ActiveCfg = Release|Win32
		{A0E3EE8D-17BE-4F79-9CBA-87924210C813}.Release|Win32.Build.0 = Release|Win32
		{A0E3EE8D-17BE-4F79-9CBA-87924210C813}.Release|x64.ActiveCfg = Release|x64
		{A0E3EE8D-17BE-4F79-9CBA-87924210C813}.Release|x64.Build.0 = Release|x64
		{E0EB1305-EF23-42A9-BD26-67D872752E50}.Debug|Win32.ActiveCfg = Debug|Win32
		{E0EB1305-EF23-42A9-BD26-67D872752E50}.Debug|Win32.Build.0 = Debug|Win32
		{E0EB1305-EF23-42A9-BD26-67D872752E50}.Debug|x64.ActiveCfg = Debug|x64
		{E0EB1305-EF23-42A9-BD26-67D872752E50}.Debug|x64.Build.0 = Debug|x64
		{E0EB1305-EF23-42A9-BD26-67D872752E50}.Release|Win32.ActiveCfg = Release|Win32
		{E0EB1305-EF23-42A9-BD26-67D872752E50}.Release|Win32.Build.0 = Release|Win32
		{E0EB1305-EF23-42A9-BD26-67D872752E50}.Release|x64.ActiveCfg = Release|x64
		{E0EB1305-EF23-42A9-BD26-67D872752E50}.Release|x64.Build.0 = Release|x64
		{FC9EB3EA-2C70-456A-AD27-3B12CFFFDFD8}.Debug|Win32.ActiveCfg = Debug|Win32
		{FC9EB3EA-2C70-456A-AD27-3B12CFFFDFD8}.Debug|Win32.Build.0 = Debug|Win32
		{FC9EB3EA-2C70-456A-AD27-3B12CFFFDFD8}.Debug|x64.ActiveCfg = Debug|Win32
		{FC9EB3EA-2C70-456A-AD27-3B12CFFFDFD8}.Release|Win32.ActiveCfg = Release|Win32
		{FC9EB3EA-2C70-456A-AD27-3B12CFFFDFD8}.Release|Win32.Build.0 = Release|Win32
		{FC9EB3EA-2C70-456A-AD27-3B12CFFFDFD8}.Release|x64.ActiveCfg = Release|Win32
		{E3B6A8CC-1E03-4DBC-A735-51D222BA4A2D}.Debug|Win32.ActiveCfg = Debug|Win32
		{E3B6A8CC-1E03-4DBC-A735-51D222BA4A2D}.Debug|Win32.Build.0 = Debug|Win32
		{E3B6A8CC-1E03-4DBC-A735-51D222BA4A2D}.Debug|x64.ActiveCfg = Debug|Win32
		{E3B6A8CC-1E03-4DBC-A735-51D222BA4A2D}.Release|Win32.ActiveCfg = Release|Win32
		{E3B6A8CC-1E03-4DBC-A735-51D222BA4A2D}.Release|Win32.Build.0 = Release|Win32
		{E3B6A8CC-1E03-4DBC-A735-51D222BA4A2D}.Release|x64.ActiveCfg = Release|Win32
	EndGlobalSection
	GlobalSection(SolutionProperties) = preSolution
		HideSolutionNode = FALSE
	EndGlobalSection
EndGlobal
